[[package]]
name = "libc"
version = "0.2.48"
source = "registry+https://github.com/rust-lang/crates.io-index"

[[package]]
name = "lodepng"
version = "2.4.2"
source = "registry+https://github.com/rust-lang/crates.io-index"
dependencies = [
 "libc 0.2.48 (registry+https://github.com/rust-lang/crates.io-index)",
 "rgb 0.8.12 (registry+https://github.com/rust-lang/crates.io-index)",
]

[[package]]
name = "rgb"
version = "0.8.12"
source = "registry+https://github.com/rust-lang/crates.io-index"

[[package]]
name = "rust_fluid"
version = "0.1.0"
dependencies = [
 "lodepng 2.4.2 (registry+https://github.com/rust-lang/crates.io-index)",
]

[metadata]
"checksum libc 0.2.48 (registry+https://github.com/rust-lang/crates.io-index)" = "e962c7641008ac010fa60a7dfdc1712449f29c44ef2d4702394aea943ee75047"
"checksum lodepng 2.4.2 (registry+https://github.com/rust-lang/crates.io-index)" = "bc9e5c0ae5f457a0981e4be44f5629d9b43a517fde9847b962daacbf29f36bcb"
"checksum rgb 0.8.12 (registry+https://github.com/rust-lang/crates.io-index)" = "6909f703ab5260012430324d5e8a5c74b26080597cd465d0bd1d2338d6b24ab7"
